
Microsoft Visual Studio Solution File, Format Version 12.00
# Visual Studio Version 17
VisualStudioVersion = 17.0.31903.59
MinimumVisualStudioVersion = 10.0.40219.1
Project("{2150E333-8FDC-42A3-9474-1A3956D46DE8}") = "src", "src", "{5E73FE5F-F69F-4763-921A-A964F8F67AC3}"
EndProject
Project("{FAE04EC0-301F-11D3-BF4B-00C04F79EFBC}") = "Golden.Raspberry.Awards.WebAPI", "src\Golden.Raspberry.Awards.WebAPI\Golden.Raspberry.Awards.WebAPI.csproj", "{8CB9931C-B462-4E07-B9F0-5989FEB0180E}"
EndProject
Project("{2150E333-8FDC-42A3-9474-1A3956D46DE8}") = "tests", "tests", "{9D2C91FE-3CC1-44BE-9237-ABA3017D7280}"
EndProject
Project("{FAE04EC0-301F-11D3-BF4B-00C04F79EFBC}") = "Golden.Raspberry.Awards.Tests", "tests\Golden.Raspberry.Awards.Tests\Golden.Raspberry.Awards.Tests.csproj", "{0D645A6E-B9E7-42C0-BE4C-692A3DB83064}"
EndProject
Global
	GlobalSection(SolutionConfigurationPlatforms) = preSolution
		Debug|Any CPU = Debug|Any CPU
		Release|Any CPU = Release|Any CPU
	EndGlobalSection
	GlobalSection(SolutionProperties) = preSolution
		HideSolutionNode = FALSE
	EndGlobalSection
	GlobalSection(ProjectConfigurationPlatforms) = postSolution
		{8CB9931C-B462-4E07-B9F0-5989FEB0180E}.Debug|Any CPU.ActiveCfg = Debug|Any CPU
		{8CB9931C-B462-4E07-B9F0-5989FEB0180E}.Debug|Any CPU.Build.0 = Debug|Any CPU
		{8CB9931C-B462-4E07-B9F0-5989FEB0180E}.Release|Any CPU.ActiveCfg = Release|Any CPU
		{8CB9931C-B462-4E07-B9F0-5989FEB0180E}.Release|Any CPU.Build.0 = Release|Any CPU
		{0D645A6E-B9E7-42C0-BE4C-692A3DB83064}.Debug|Any CPU.ActiveCfg = Debug|Any CPU
		{0D645A6E-B9E7-42C0-BE4C-692A3DB83064}.Debug|Any CPU.Build.0 = Debug|Any CPU
		{0D645A6E-B9E7-42C0-BE4C-692A3DB83064}.Release|Any CPU.ActiveCfg = Release|Any CPU
		{0D645A6E-B9E7-42C0-BE4C-692A3DB83064}.Release|Any CPU.Build.0 = Release|Any CPU
	EndGlobalSection
	GlobalSection(NestedProjects) = preSolution
		{8CB9931C-B462-4E07-B9F0-5989FEB0180E} = {5E73FE5F-F69F-4763-921A-A964F8F67AC3}
		{0D645A6E-B9E7-42C0-BE4C-692A3DB83064} = {9D2C91FE-3CC1-44BE-9237-ABA3017D7280}
	EndGlobalSection
EndGlobal
